{
  "name": "prisma-data-migrations",
  "version": "0.0.1",
  "lockfileVersion": 3,
  "requires": true,
  "packages": {
    "": {
      "name": "prisma-data-migrations",
      "version": "0.0.1",
      "license": "ISC",
      "dependencies": {
        "@prisma/client": "^6.2.0",
        "fs-extra": "^11.2.0",
        "prisma": "^6.2.0"
      },
      "bin": {
        "prisma-dm": "dist/cli.js"
      },
      "devDependencies": {
        "@types/fs-extra": "^11.0.4",
        "@types/node": "^22.10.5",
        "typescript": "^5.7.2"
      }
    },
    "node_modules/@prisma/client": {
      "version": "6.2.0",
      "resolved": "https://registry.npmjs.org/@prisma/client/-/client-6.2.0.tgz",
      "integrity": "sha512-tmEgej4OR+Wqk8MwZQcu58JzA1iFPmi/z7VPEmjTuTIQDLqHQZ6+MDRLL4wgNJXJkMHUKD9yMD5AkwYH0/0hKA==",
      "hasInstallScript": true,
      "engines": {
        "node": ">=18.18"
      },
      "peerDependencies": {
        "prisma": "*"
      },
      "peerDependenciesMeta": {
        "prisma": {
          "optional": true
        }
      }
    },
    "node_modules/@prisma/debug": {
      "version": "6.2.0",
      "resolved": "https://registry.npmjs.org/@prisma/debug/-/debug-6.2.0.tgz",
      "integrity": "sha512-Q96rqZVivmEtt29h1hhALceJTqggHDsr3RAWpeSJZOppQu6vcv5PyiY4XxyTf04gZw4Ue+kkqtaRcRms1zC8aQ=="
    },
    "node_modules/@prisma/engines": {
      "version": "6.2.0",
      "resolved": "https://registry.npmjs.org/@prisma/engines/-/engines-6.2.0.tgz",
      "integrity": "sha512-Od7fH2gH+4n0E/XIhhAfO3OaKKNRzD0s1LY8umyvDQXlFmiDYF8kNJydcfWLvU3XNNV40wM2T0jOU+4ua1Zp3A==",
      "hasInstallScript": true,
      "dependencies": {
        "@prisma/debug": "6.2.0",
        "@prisma/engines-version": "6.2.0-14.4123509d24aa4dede1e864b46351bf2790323b69",
        "@prisma/fetch-engine": "6.2.0",
        "@prisma/get-platform": "6.2.0"
      }
    },
    "node_modules/@prisma/engines-version": {
      "version": "6.2.0-14.4123509d24aa4dede1e864b46351bf2790323b69",
      "resolved": "https://registry.npmjs.org/@prisma/engines-version/-/engines-version-6.2.0-14.4123509d24aa4dede1e864b46351bf2790323b69.tgz",
      "integrity": "sha512-7tw1qs/9GWSX6qbZs4He09TOTg1ff3gYsB3ubaVNN0Pp1zLm9NC5C5MZShtkz7TyQjx7blhpknB7HwEhlG+PrQ=="
    },
    "node_modules/@prisma/fetch-engine": {
      "version": "6.2.0",
      "resolved": "https://registry.npmjs.org/@prisma/fetch-engine/-/fetch-engine-6.2.0.tgz",
      "integrity": "sha512-zz0HmZ2Npsthnh+1cj7aFPRWs57GS4CNlM9uXpVeQm2/YN0LMRNeuI5/zpqRhHrZUXdKde0jltJnvIM1Xz/mPQ==",
      "dependencies": {
        "@prisma/debug": "6.2.0",
        "@prisma/engines-version": "6.2.0-14.4123509d24aa4dede1e864b46351bf2790323b69",
        "@prisma/get-platform": "6.2.0"
      }
    },
    "node_modules/@prisma/get-platform": {
      "version": "6.2.0",
      "resolved": "https://registry.npmjs.org/@prisma/get-platform/-/get-platform-6.2.0.tgz",
      "integrity": "sha512-Nnk2fcjiRB9E0uRKCMl+EmBC1Vs6kXqaHa2E108pDrEXAgxj0Ns/YQSeZE0o4QJiK5m1PGmImA9/FFUAgCUTHA==",
      "dependencies": {
        "@prisma/debug": "6.2.0"
      }
    },
    "node_modules/@types/fs-extra": {
      "version": "11.0.4",
      "resolved": "https://registry.npmjs.org/@types/fs-extra/-/fs-extra-11.0.4.tgz",
      "integrity": "sha512-yTbItCNreRooED33qjunPthRcSjERP1r4MqCZc7wv0u2sUkzTFp45tgUfS5+r7FrZPdmCCNflLhVSP/o+SemsQ==",
      "dev": true,
      "dependencies": {
        "@types/jsonfile": "*",
        "@types/node": "*"
      }
    },
    "node_modules/@types/jsonfile": {
      "version": "6.1.4",
      "resolved": "https://registry.npmjs.org/@types/jsonfile/-/jsonfile-6.1.4.tgz",
      "integrity": "sha512-D5qGUYwjvnNNextdU59/+fI+spnwtTFmyQP0h+PfIOSkNfpU6AOICUOkm4i0OnSk+NyjdPJrxCDro0sJsWlRpQ==",
      "dev": true,
      "dependencies": {
        "@types/node": "*"
      }
    },
    "node_modules/@types/node": {
      "version": "22.10.5",
      "resolved": "https://registry.npmjs.org/@types/node/-/node-22.10.5.tgz",
      "integrity": "sha512-F8Q+SeGimwOo86fiovQh8qiXfFEh2/ocYv7tU5pJ3EXMSSxk1Joj5wefpFK2fHTf/N6HKGSxIDBT9f3gCxXPkQ==",
      "dev": true,
      "dependencies": {
        "undici-types": "~6.20.0"
      }
    },
    "node_modules/fs-extra": {
      "version": "11.2.0",
      "resolved": "https://registry.npmjs.org/fs-extra/-/fs-extra-11.2.0.tgz",
      "integrity": "sha512-PmDi3uwK5nFuXh7XDTlVnS17xJS7vW36is2+w3xcv8SVxiB4NyATf4ctkVY5bkSjX0Y4nbvZCq1/EjtEyr9ktw==",
      "dependencies": {
        "graceful-fs": "^4.2.0",
        "jsonfile": "^6.0.1",
        "universalify": "^2.0.0"
      },
      "engines": {
        "node": ">=14.14"
      }
    },
    "node_modules/fsevents": {
      "version": "2.3.3",
      "resolved": "https://registry.npmjs.org/fsevents/-/fsevents-2.3.3.tgz",
      "integrity": "sha512-5xoDfX+fL7faATnagmWPpbFtwh/R77WmMMqqHGS65C3vvB0YHrgF+B1YmZ3441tMj5n63k0212XNoJwzlhffQw==",
      "hasInstallScript": true,
      "optional": true,
      "os": [
        "darwin"
      ],
      "engines": {
        "node": "^8.16.0 || ^10.6.0 || >=11.0.0"
      }
    },
    "node_modules/graceful-fs": {
      "version": "4.2.11",
      "resolved": "https://registry.npmjs.org/graceful-fs/-/graceful-fs-4.2.11.tgz",
      "integrity": "sha512-RbJ5/jmFcNNCcDV5o9eTnBLJ/HszWV0P73bc+Ff4nS/rJj+YaS6IGyiOL0VoBYX+l1Wrl3k63h/KrH+nhJ0XvQ=="
    },
    "node_modules/jsonfile": {
      "version": "6.1.0",
      "resolved": "https://registry.npmjs.org/jsonfile/-/jsonfile-6.1.0.tgz",
      "integrity": "sha512-5dgndWOriYSm5cnYaJNhalLNDKOqFwyDB/rr1E9ZsGciGvKPs8R2xYGCacuf3z6K1YKDz182fd+fY3cn3pMqXQ==",
      "dependencies": {
        "universalify": "^2.0.0"
      },
      "optionalDependencies": {
        "graceful-fs": "^4.1.6"
      }
    },
    "node_modules/prisma": {
      "version": "6.2.0",
      "resolved": "https://registry.npmjs.org/prisma/-/prisma-6.2.0.tgz",
      "integrity": "sha512-3bnAPqtWXbyA9QEKYEstPcsQMxoQ97rjC0E1OZ+QVKuNNpzRDdIgdCpTVpHvqj/9UaWpqaEiENYqS2At8DtESA==",
      "hasInstallScript": true,
      "dependencies": {
        "@prisma/engines": "6.2.0"
      },
      "bin": {
        "prisma": "build/index.js"
      },
      "engines": {
        "node": ">=18.18"
      },
      "optionalDependencies": {
        "fsevents": "2.3.3"
      }
    },
    "node_modules/typescript": {
      "version": "5.7.2",
      "resolved": "https://registry.npmjs.org/typescript/-/typescript-5.7.2.tgz",
      "integrity": "sha512-i5t66RHxDvVN40HfDd1PsEThGNnlMCMT3jMUuoh9/0TaqWevNontacunWyN02LA9/fIbEWlcHZcgTKb9QoaLfg==",
      "dev": true,
      "bin": {
        "tsc": "bin/tsc",
        "tsserver": "bin/tsserver"
      },
      "engines": {
        "node": ">=14.17"
      }
    },
    "node_modules/undici-types": {
      "version": "6.20.0",
      "resolved": "https://registry.npmjs.org/undici-types/-/undici-types-6.20.0.tgz",
      "integrity": "sha512-Ny6QZ2Nju20vw1SRHe3d9jVu6gJ+4e3+MMpqu7pqE5HT6WsTSlce++GQmK5UXS8mzV8DSYHrQH+Xrf2jVcuKNg==",
      "dev": true
    },
    "node_modules/universalify": {
      "version": "2.0.1",
      "resolved": "https://registry.npmjs.org/universalify/-/universalify-2.0.1.tgz",
      "integrity": "sha512-gptHNQghINnc/vTGIk0SOFGFNXw7JVrlRUtConJRlvaw6DuX0wO5Jeko9sWrMBhh+PsYAZ7oXAiOnf/UKogyiw==",
      "engines": {
        "node": ">= 10.0.0"
      }
    }
  }
}
